lockfileVersion: '9.0'

settings:
  autoInstallPeers: true
  excludeLinksFromLockfile: false

importers:

  .:
    devDependencies:
      '@deepseek-ai/cordis':
        specifier: link:../../deepseek-harness/vendor/cordis
        version: link:../../deepseek-harness/vendor/cordis
      '@deepseek-ai/cordis-plugin-loader':
        specifier: link:../../deepseek-harness/vendor/loader
        version: link:../../deepseek-harness/vendor/loader
      '@deepseek-ai/dsh-fs':
        specifier: link:../../deepseek-harness/packages/fs/fs
        version: link:../../deepseek-harness/packages/fs/fs
      '@deepseek-ai/dsh-host-apiproxy':
        specifier: link:../../deepseek-harness/packages/host/apiproxy
        version: link:../../deepseek-harness/packages/host/apiproxy
      '@deepseek-ai/dsh-host-webserver':
        specifier: link:../../deepseek-harness/packages/host/webserver
        version: link:../../deepseek-harness/packages/host/webserver
      '@deepseek-ai/schemastery':
        specifier: link:../../deepseek-harness/vendor/schemastery
        version: link:../../deepseek-harness/vendor/schemastery
      '@types/node':
        specifier: '>=22.15.0'
        version: 26.2.0
      typescript:
        specifier: ^5.7.0
        version: 5.9.3

packages:

  '@types/node@26.2.0':
    resolution: {integrity: sha512-5IviulTZeRNp2vAJ514cc/HUlY5nZ9fCbq9DMyC52BrhFZACo3nI0R7qBxhQmo/d27NFe96ur/b7Wwxklda+kg==}

  typescript@5.9.3:
    resolution: {integrity: sha512-jl1vZzPDinLr9eUt3J/t7V6FgNEw9QjvBPdysz9KfQDD41fQrC2Y4vKQdiaUpFT4bXlb1RHhLpp8wtm6M5TgSw==}
    engines: {node: '>=14.17'}
    hasBin: true

  undici-types@8.3.0:
    resolution: {integrity: sha512-j375ScV60dom+YkPFIfTLcOiPxkN/buHz5GobjLhixFuANaNs3C9l4GmrWqejgXWJ7BbJcFYpTEUkS1Ge8bpZQ==}

snapshots:

  '@types/node@26.2.0':
    dependencies:
      undici-types: 8.3.0

  typescript@5.9.3: {}

  undici-types@8.3.0: {}
